
Microsoft Visual Studio Solution File, Format Version 12.00
# Visual Studio Version 16
VisualStudioVersion = 16.0.31729.503
MinimumVisualStudioVersion = 10.0.40219.1
Project("{FAE04EC0-301F-11D3-BF4B-00C04F79EFBC}") = "primenumbers", "primenumbers.csproj", "{5B06E869-06DD-497C-BF3B-BAF335C67FB6}"
EndProject
Global
	GlobalSection(SolutionConfigurationPlatforms) = preSolution
		Debug|Any CPU = Debug|Any CPU
		Release|Any CPU = Release|Any CPU
	EndGlobalSection
	GlobalSection(ProjectConfigurationPlatforms) = postSolution
		{5B06E869-06DD-497C-BF3B-BAF335C67FB6}.Debug|Any CPU.ActiveCfg = Debug|Any CPU
		{5B06E869-06DD-497C-BF3B-BAF335C67FB6}.Debug|Any CPU.Build.0 = Debug|Any CPU
		{5B06E869-06DD-497C-BF3B-BAF335C67FB6}.Release|Any CPU.ActiveCfg = Release|Any CPU
		{5B06E869-06DD-497C-BF3B-BAF335C67FB6}.Release|Any CPU.Build.0 = Release|Any CPU
	EndGlobalSection
	GlobalSection(SolutionProperties) = preSolution
		HideSolutionNode = FALSE
	EndGlobalSection
	GlobalSection(ExtensibilityGlobals) = postSolution
		SolutionGuid = {032266A4-4578-412A-ABC6-CDB4D82A1A22}
	EndGlobalSection
EndGlobal
